<?xml version="1.0" encoding="utf-8"?>
<Project ToolsVersion="4.0" xmlns="http://schemas.microsoft.com/developer/msbuild/2003">
  <ItemGroup>
    <Filter Include="源文件">
      <UniqueIdentifier>{4FC737F1-C7A5-4376-A066-2A32D752A2FF}</UniqueIdentifier>
      <Extensions>cpp;c;cc;cxx;def;odl;idl;hpj;bat;asm;asmx</Extensions>
    </Filter>
    <Filter Include="头文件">
      <UniqueIdentifier>{93995380-89BD-4b04-88EB-625FBE52EBFB}</UniqueIdentifier>
      <Extensions>h;hh;hpp;hxx;hm;inl;inc;xsd</Extensions>
    </Filter>
    <Filter Include="资源文件">
      <UniqueIdentifier>{67DA6AB6-F800-4c08-8B7A-83BB121AAD01}</UniqueIdentifier>
      <Extensions>rc;ico;cur;bmp;dlg;rc2;rct;bin;rgs;gif;jpg;jpeg;jpe;resx;tiff;tif;png;wav;mfcribbon-ms</Extensions>
    </Filter>
    <Filter Include="源文件\common">
      <UniqueIdentifier>{e972d856-50dc-4f3f-a388-a23bb105841f}</UniqueIdentifier>
    </Filter>
    <Filter Include="源文件\gamelib">
      <UniqueIdentifier>{22a4af8e-d423-452f-8e1e-81543c02f6c0}</UniqueIdentifier>
    </Filter>
    <Filter Include="源文件\win">
      <UniqueIdentifier>{f019848b-7b49-4f95-9558-4196d97409c6}</UniqueIdentifier>
    </Filter>
  </ItemGroup>
  <ItemGroup>
    <ClCompile Include="..\..\..\src\common\TableRecordDesc.cpp">
      <Filter>源文件\common</Filter>
    </ClCompile>
    <ClCompile Include="..\..\..\..\gamelib\src\TableBase.cpp">
      <Filter>源文件\gamelib</Filter>
    </ClCompile>
    <ClCompile Include="..\..\..\src\tblexport\tblexport.cpp">
      <Filter>源文件</Filter>
    </ClCompile>
    <ClCompile Include="..\..\..\src\tblexport\TableField.cpp">
      <Filter>源文件</Filter>
    </ClCompile>
    <ClCompile Include="..\..\..\src\tblexport\TableRecord.cpp">
      <Filter>源文件</Filter>
    </ClCompile>
    <ClCompile Include="..\..\..\src\tblexport\TableReader.cpp">
      <Filter>源文件</Filter>
    </ClCompile>
    <ClCompile Include="..\..\..\src\tblexport\win\TableReaderImpl.cpp">
      <Filter>源文件\win</Filter>
    </ClCompile>
    <ClCompile Include="..\..\..\src\tblexport\win\DBReader.cpp">
      <Filter>源文件\win</Filter>
    </ClCompile>
  </ItemGroup>
  <ItemGroup>
    <ClInclude Include="..\..\..\src\common\TableRecordDesc.h">
      <Filter>源文件\common</Filter>
    </ClInclude>
    <ClInclude Include="..\..\..\..\gamelib\src\TableBase.h">
      <Filter>源文件\gamelib</Filter>
    </ClInclude>
    <ClInclude Include="..\..\..\src\tblexport\TableField.h">
      <Filter>源文件</Filter>
    </ClInclude>
    <ClInclude Include="..\..\..\src\tblexport\TableRecord.h">
      <Filter>源文件</Filter>
    </ClInclude>
    <ClInclude Include="..\..\..\src\tblexport\TableReader.h">
      <Filter>源文件</Filter>
    </ClInclude>
    <ClInclude Include="..\..\..\src\tblexport\win\TableReaderImpl.h">
      <Filter>源文件\win</Filter>
    </ClInclude>
    <ClInclude Include="..\..\..\src\tblexport\win\DBReader.h">
      <Filter>源文件\win</Filter>
    </ClInclude>
  </ItemGroup>
</Project>